Microsoft Visual Studio Solution File, Format Version 12.00
# Visual Studio Version 17
VisualStudioVersion = 17.2.32616.157
MinimumVisualStudioVersion = 10.0.40219.1
Project("{9A19103F-16F7-4668-BE54-9A1E7A4F7556}") = "SSData", "SSData\SSData.csproj", "{33CF67CA-036A-44CA-A7FF-2C15798814CA}"
EndProject
Project("{9A19103F-16F7-4668-BE54-9A1E7A4F7556}") = "SSResource", "SSResource\SSResource.csproj", "{FA755064-D0B8-4574-B062-3FBC7F88BD8F}"
EndProject
Project("{9A19103F-16F7-4668-BE54-9A1E7A4F7556}") = "BitView", "BitView\BitView.csproj", "{373D56AF-976E-4228-BB02-D0BE13C1C385}"
	ProjectSection(ProjectDependencies) = postProject
		{FA755064-D0B8-4574-B062-3FBC7F88BD8F} = {FA755064-D0B8-4574-B062-3FBC7F88BD8F}
	EndProjectSection
EndProject
Project("{9A19103F-16F7-4668-BE54-9A1E7A4F7556}") = "SSMemory", "SSMemory\SSMemory.csproj", "{6CD7BEC8-0ACB-4447-83F1-6AC590C4A19C}"
EndProject
Project("{9A19103F-16F7-4668-BE54-9A1E7A4F7556}") = "SSAgent", "SSAgent\SSAgent.csproj", "{74A10DB8-3FB3-471C-9C27-1FF3D7629C38}"
EndProject
Project("{9A19103F-16F7-4668-BE54-9A1E7A4F7556}") = "SSBITUpdater", "SSBITUpdater\SSBITUpdater.csproj", "{00AA563E-13F3-455C-938A-0FC23DBEDDDC}"
EndProject
Project("{9A19103F-16F7-4668-BE54-9A1E7A4F7556}") = "SSCommonNET", "SSCommonNET\SSCommonNET.csproj", "{0CC19BAB-459E-4F21-BB58-B2F1F0DD7C70}"
EndProject
Project("{9A19103F-16F7-4668-BE54-9A1E7A4F7556}") = "SSControlsNET", "SSControlsNET\SSControlsNET.csproj", "{29CE94BE-8987-41A5-AA1A-36FD687D43C0}"
EndProject
Project("{FAE04EC0-301F-11D3-BF4B-00C04F79EFBC}") = "CameraViewer", "CameraViewer\CameraViewer.csproj", "{3C78394F-3722-449F-B54F-99619EA34925}"
EndProject
Project("{FAE04EC0-301F-11D3-BF4B-00C04F79EFBC}") = "BitViewWatchDog", "BitViewWatchDog\BitViewWatchDog.csproj", "{128FF77B-31DC-40C8-9CBD-9A5CDFDDA0E5}"
EndProject
Global
	GlobalSection(SolutionConfigurationPlatforms) = preSolution
		Debug|Any CPU = Debug|Any CPU
		Debug|x64 = Debug|x64
		Debug|x86 = Debug|x86
		Release|Any CPU = Release|Any CPU
		Release|x64 = Release|x64
		Release|x86 = Release|x86
	EndGlobalSection
	GlobalSection(ProjectConfigurationPlatforms) = postSolution
		{33CF67CA-036A-44CA-A7FF-2C15798814CA}.Debug|Any CPU.ActiveCfg = Debug|x86
		{33CF67CA-036A-44CA-A7FF-2C15798814CA}.Debug|Any CPU.Build.0 = Debug|x86
		{33CF67CA-036A-44CA-A7FF-2C15798814CA}.Debug|x64.ActiveCfg = Debug|x86
		{33CF67CA-036A-44CA-A7FF-2C15798814CA}.Debug|x64.Build.0 = Debug|x86
		{33CF67CA-036A-44CA-A7FF-2C15798814CA}.Debug|x86.ActiveCfg = Debug|x86
		{33CF67CA-036A-44CA-A7FF-2C15798814CA}.Debug|x86.Build.0 = Debug|x86
		{33CF67CA-036A-44CA-A7FF-2C15798814CA}.Release|Any CPU.ActiveCfg = Release|Any CPU
		{33CF67CA-036A-44CA-A7FF-2C15798814CA}.Release|x64.ActiveCfg = Release|Any CPU
		{33CF67CA-036A-44CA-A7FF-2C15798814CA}.Release|x64.Build.0 = Release|Any CPU
		{33CF67CA-036A-44CA-A7FF-2C15798814CA}.Release|x86.ActiveCfg = Release|x86
		{33CF67CA-036A-44CA-A7FF-2C15798814CA}.Release|x86.Build.0 = Release|x86
		{FA755064-D0B8-4574-B062-3FBC7F88BD8F}.Debug|Any CPU.ActiveCfg = Debug|x86
		{FA755064-D0B8-4574-B062-3FBC7F88BD8F}.Debug|Any CPU.Build.0 = Debug|x86
		{FA755064-D0B8-4574-B062-3FBC7F88BD8F}.Debug|x64.ActiveCfg = Debug|Any CPU
		{FA755064-D0B8-4574-B062-3FBC7F88BD8F}.Debug|x64.Build.0 = Debug|Any CPU
		{FA755064-D0B8-4574-B062-3FBC7F88BD8F}.Debug|x86.ActiveCfg = Debug|x86
		{FA755064-D0B8-4574-B062-3FBC7F88BD8F}.Debug|x86.Build.0 = Debug|x86
		{FA755064-D0B8-4574-B062-3FBC7F88BD8F}.Release|Any CPU.ActiveCfg = Release|Any CPU
		{FA755064-D0B8-4574-B062-3FBC7F88BD8F}.Release|x64.ActiveCfg = Release|Any CPU
		{FA755064-D0B8-4574-B062-3FBC7F88BD8F}.Release|x64.Build.0 = Release|Any CPU
		{FA755064-D0B8-4574-B062-3FBC7F88BD8F}.Release|x86.ActiveCfg = Release|x86
		{FA755064-D0B8-4574-B062-3FBC7F88BD8F}.Release|x86.Build.0 = Release|x86
		{373D56AF-976E-4228-BB02-D0BE13C1C385}.Debug|Any CPU.ActiveCfg = Debug|x86
		{373D56AF-976E-4228-BB02-D0BE13C1C385}.Debug|Any CPU.Build.0 = Debug|x86
		{373D56AF-976E-4228-BB02-D0BE13C1C385}.Debug|x64.ActiveCfg = Debug|Any CPU
		{373D56AF-976E-4228-BB02-D0BE13C1C385}.Debug|x64.Build.0 = Debug|Any CPU
		{373D56AF-976E-4228-BB02-D0BE13C1C385}.Debug|x86.ActiveCfg = Debug|x86
		{373D56AF-976E-4228-BB02-D0BE13C1C385}.Debug|x86.Build.0 = Debug|x86
		{373D56AF-976E-4228-BB02-D0BE13C1C385}.Release|Any CPU.ActiveCfg = Release|Any CPU
		{373D56AF-976E-4228-BB02-D0BE13C1C385}.Release|Any CPU.Build.0 = Release|Any CPU
		{373D56AF-976E-4228-BB02-D0BE13C1C385}.Release|x64.ActiveCfg = Release|Any CPU
		{373D56AF-976E-4228-BB02-D0BE13C1C385}.Release|x64.Build.0 = Release|Any CPU
		{373D56AF-976E-4228-BB02-D0BE13C1C385}.Release|x86.ActiveCfg = Release|x86
		{373D56AF-976E-4228-BB02-D0BE13C1C385}.Release|x86.Build.0 = Release|x86
		{6CD7BEC8-0ACB-4447-83F1-6AC590C4A19C}.Debug|Any CPU.ActiveCfg = Debug|x86
		{6CD7BEC8-0ACB-4447-83F1-6AC590C4A19C}.Debug|Any CPU.Build.0 = Debug|x86
		{6CD7BEC8-0ACB-4447-83F1-6AC590C4A19C}.Debug|x64.ActiveCfg = Debug|Any CPU
		{6CD7BEC8-0ACB-4447-83F1-6AC590C4A19C}.Debug|x64.Build.0 = Debug|Any CPU
		{6CD7BEC8-0ACB-4447-83F1-6AC590C4A19C}.Debug|x86.ActiveCfg = Debug|x86
		{6CD7BEC8-0ACB-4447-83F1-6AC590C4A19C}.Debug|x86.Build.0 = Debug|x86
		{6CD7BEC8-0ACB-4447-83F1-6AC590C4A19C}.Release|Any CPU.ActiveCfg = Release|Any CPU
		{6CD7BEC8-0ACB-4447-83F1-6AC590C4A19C}.Release|x64.ActiveCfg = Release|Any CPU
		{6CD7BEC8-0ACB-4447-83F1-6AC590C4A19C}.Release|x64.Build.0 = Release|Any CPU
		{6CD7BEC8-0ACB-4447-83F1-6AC590C4A19C}.Release|x86.ActiveCfg = Release|x86
		{6CD7BEC8-0ACB-4447-83F1-6AC590C4A19C}.Release|x86.Build.0 = Release|x86
		{74A10DB8-3FB3-471C-9C27-1FF3D7629C38}.Debug|Any CPU.ActiveCfg = Debug|Any CPU
		{74A10DB8-3FB3-471C-9C27-1FF3D7629C38}.Debug|x64.ActiveCfg = Debug|Any CPU
		{74A10DB8-3FB3-471C-9C27-1FF3D7629C38}.Debug|x86.ActiveCfg = Debug|x86
		{74A10DB8-3FB3-471C-9C27-1FF3D7629C38}.Release|Any CPU.ActiveCfg = Release|Any CPU
		{74A10DB8-3FB3-471C-9C27-1FF3D7629C38}.Release|x64.ActiveCfg = Release|Any CPU
		{74A10DB8-3FB3-471C-9C27-1FF3D7629C38}.Release|x64.Build.0 = Release|Any CPU
		{74A10DB8-3FB3-471C-9C27-1FF3D7629C38}.Release|x86.ActiveCfg = Release|x86
		{00AA563E-13F3-455C-938A-0FC23DBEDDDC}.Debug|Any CPU.ActiveCfg = Debug|Any CPU
		{00AA563E-13F3-455C-938A-0FC23DBEDDDC}.Debug|x64.ActiveCfg = Debug|Any CPU
		{00AA563E-13F3-455C-938A-0FC23DBEDDDC}.Debug|x86.ActiveCfg = Debug|x86
		{00AA563E-13F3-455C-938A-0FC23DBEDDDC}.Release|Any CPU.ActiveCfg = Release|Any CPU
		{00AA563E-13F3-455C-938A-0FC23DBEDDDC}.Release|x64.ActiveCfg = Release|Any CPU
		{00AA563E-13F3-455C-938A-0FC23DBEDDDC}.Release|x64.Build.0 = Release|Any CPU
		{00AA563E-13F3-455C-938A-0FC23DBEDDDC}.Release|x86.ActiveCfg = Release|x86
		{0CC19BAB-459E-4F21-BB58-B2F1F0DD7C70}.Debug|Any CPU.ActiveCfg = Debug|x86
		{0CC19BAB-459E-4F21-BB58-B2F1F0DD7C70}.Debug|Any CPU.Build.0 = Debug|x86
		{0CC19BAB-459E-4F21-BB58-B2F1F0DD7C70}.Debug|x64.ActiveCfg = Debug|x86
		{0CC19BAB-459E-4F21-BB58-B2F1F0DD7C70}.Debug|x64.Build.0 = Debug|x86
		{0CC19BAB-459E-4F21-BB58-B2F1F0DD7C70}.Debug|x86.ActiveCfg = Debug|x86
		{0CC19BAB-459E-4F21-BB58-B2F1F0DD7C70}.Debug|x86.Build.0 = Debug|x86
		{0CC19BAB-459E-4F21-BB58-B2F1F0DD7C70}.Release|Any CPU.ActiveCfg = Release|Any CPU
		{0CC19BAB-459E-4F21-BB58-B2F1F0DD7C70}.Release|Any CPU.Build.0 = Release|Any CPU
		{0CC19BAB-459E-4F21-BB58-B2F1F0DD7C70}.Release|x64.ActiveCfg = Release|x64
		{0CC19BAB-459E-4F21-BB58-B2F1F0DD7C70}.Release|x64.Build.0 = Release|x64
		{0CC19BAB-459E-4F21-BB58-B2F1F0DD7C70}.Release|x86.ActiveCfg = Release|x86
		{0CC19BAB-459E-4F21-BB58-B2F1F0DD7C70}.Release|x86.Build.0 = Release|x86
		{29CE94BE-8987-41A5-AA1A-36FD687D43C0}.Debug|Any CPU.ActiveCfg = Debug|x86
		{29CE94BE-8987-41A5-AA1A-36FD687D43C0}.Debug|Any CPU.Build.0 = Debug|x86
		{29CE94BE-8987-41A5-AA1A-36FD687D43C0}.Debug|x64.ActiveCfg = Debug|x86
		{29CE94BE-8987-41A5-AA1A-36FD687D43C0}.Debug|x64.Build.0 = Debug|x86
		{29CE94BE-8987-41A5-AA1A-36FD687D43C0}.Debug|x86.ActiveCfg = Debug|x86
		{29CE94BE-8987-41A5-AA1A-36FD687D43C0}.Debug|x86.Build.0 = Debug|x86
		{29CE94BE-8987-41A5-AA1A-36FD687D43C0}.Release|Any CPU.ActiveCfg = Release|Any CPU
		{29CE94BE-8987-41A5-AA1A-36FD687D43C0}.Release|Any CPU.Build.0 = Release|Any CPU
		{29CE94BE-8987-41A5-AA1A-36FD687D43C0}.Release|x64.ActiveCfg = Release|x64
		{29CE94BE-8987-41A5-AA1A-36FD687D43C0}.Release|x64.Build.0 = Release|x64
		{29CE94BE-8987-41A5-AA1A-36FD687D43C0}.Release|x86.ActiveCfg = Release|x86
		{29CE94BE-8987-41A5-AA1A-36FD687D43C0}.Release|x86.Build.0 = Release|x86
		{3C78394F-3722-449F-B54F-99619EA34925}.Debug|Any CPU.ActiveCfg = Debug|Any CPU
		{3C78394F-3722-449F-B54F-99619EA34925}.Debug|x64.ActiveCfg = Debug|Any CPU
		{3C78394F-3722-449F-B54F-99619EA34925}.Debug|x86.ActiveCfg = Debug|x86
		{3C78394F-3722-449F-B54F-99619EA34925}.Release|Any CPU.ActiveCfg = Release|Any CPU
		{3C78394F-3722-449F-B54F-99619EA34925}.Release|x64.ActiveCfg = Release|Any CPU
		{3C78394F-3722-449F-B54F-99619EA34925}.Release|x64.Build.0 = Release|Any CPU
		{3C78394F-3722-449F-B54F-99619EA34925}.Release|x86.ActiveCfg = Release|x86
		{128FF77B-31DC-40C8-9CBD-9A5CDFDDA0E5}.Debug|Any CPU.ActiveCfg = Debug|x86
		{128FF77B-31DC-40C8-9CBD-9A5CDFDDA0E5}.Debug|Any CPU.Build.0 = Debug|x86
		{128FF77B-31DC-40C8-9CBD-9A5CDFDDA0E5}.Debug|x64.ActiveCfg = Debug|Any CPU
		{128FF77B-31DC-40C8-9CBD-9A5CDFDDA0E5}.Debug|x64.Build.0 = Debug|Any CPU
		{128FF77B-31DC-40C8-9CBD-9A5CDFDDA0E5}.Debug|x86.ActiveCfg = Debug|x86
		{128FF77B-31DC-40C8-9CBD-9A5CDFDDA0E5}.Debug|x86.Build.0 = Debug|x86
		{128FF77B-31DC-40C8-9CBD-9A5CDFDDA0E5}.Release|Any CPU.ActiveCfg = Release|Any CPU
		{128FF77B-31DC-40C8-9CBD-9A5CDFDDA0E5}.Release|x64.ActiveCfg = Release|Any CPU
		{128FF77B-31DC-40C8-9CBD-9A5CDFDDA0E5}.Release|x64.Build.0 = Release|Any CPU
		{128FF77B-31DC-40C8-9CBD-9A5CDFDDA0E5}.Release|x86.ActiveCfg = Release|x86
		{128FF77B-31DC-40C8-9CBD-9A5CDFDDA0E5}.Release|x86.Build.0 = Release|x86
	EndGlobalSection
	GlobalSection(SolutionProperties) = preSolution
		HideSolutionNode = FALSE
	EndGlobalSection
	GlobalSection(ExtensibilityGlobals) = postSolution
		SolutionGuid = {CCC2E7FE-6F23-4F2C-911A-25D8709BC6CE}
	EndGlobalSection
EndGlobal
